{
  "_readme": [
    "This file locks the dependencies of your project to a known state",
    "Read more about it at https://getcomposer.org/doc/01-basic-usage.md#installing-dependencies",
    "This file is @generated automatically"
  ],
  "content-hash": "f727903de8e5fe5744f1183a1681a9ef",
  "packages": [
    {
      "name": "lessmore92/base-x",
      "version": "v1.0.3",
      "source": {
        "type": "git",
        "url": "https://github.com/lessmore92/base-x.git",
        "reference": "2867d29ef4d3850e2d532d2e543f8303cfdcf80e"
      },
      "dist": {
        "type": "zip",
        "url": "https://api.github.com/repos/lessmore92/base-x/zipball/2867d29ef4d3850e2d532d2e543f8303cfdcf80e",
        "reference": "2867d29ef4d3850e2d532d2e543f8303cfdcf80e",
        "shasum": ""
      },
      "require": {
        "lessmore92/buffer": "v1.0.0",
        "php": ">=7"
      },
      "type": "library",
      "autoload": {
        "psr-4": {
          "Lessmore92\\BaseX\\": "src/"
        }
      },
      "notification-url": "https://packagist.org/downloads/",
      "license": [
        "MIT"
      ],
      "authors": [
        {
          "name": "Lessmore92",
          "email": "bahramisoft@gmail.com"
        }
      ],
      "description": "Encode/decode any base",
      "keywords": [
        "base",
        "base-x",
        "base58",
        "base62",
        "bitcoin",
        "crypto",
        "crytography",
        "decode",
        "decoding",
        "encode",
        "encoding",
        "ethereum",
        "ripple"
      ],
      "support": {
        "issues": "https://github.com/lessmore92/base-x/issues",
        "source": "https://github.com/lessmore92/base-x/tree/v1.0.3"
      },
      "time": "2021-01-11T12:11:54+00:00"
    },
    {
      "name": "lessmore92/buffer",
      "version": "v1.0.0",
      "source": {
        "type": "git",
        "url": "https://github.com/lessmore92/Buffer.git",
        "reference": "735337066decb5fa8769359b40bfb0ccd9086d67"
      },
      "dist": {
        "type": "zip",
        "url": "https://api.github.com/repos/lessmore92/Buffer/zipball/735337066decb5fa8769359b40bfb0ccd9086d67",
        "reference": "735337066decb5fa8769359b40bfb0ccd9086d67",
        "shasum": ""
      },
      "require": {
        "php-64bit": ">=7.0.0"
      },
      "type": "library",
      "autoload": {
        "psr-4": {
          "Lessmore92\\Buffer\\": "src/"
        }
      },
      "notification-url": "https://packagist.org/downloads/",
      "license": [
        "MIT"
      ],
      "authors": [
        {
          "name": "Lessmore92",
          "email": "bahramisoft@gmail.com"
        }
      ],
      "description": "Toolbox for working with binary and hex data",
      "keywords": [
        "Buffer",
        "binary",
        "hex",
        "nodejs-buffer",
        "php-buffer"
      ],
      "support": {
        "issues": "https://github.com/lessmore92/Buffer/issues",
        "source": "https://github.com/lessmore92/Buffer/tree/v1.0.0"
      },
      "time": "2021-01-11T11:55:50+00:00"
    },
    {
      "name": "lessmore92/php-ripple-address-codec",
      "version": "v1.0.1",
      "source": {
        "type": "git",
        "url": "https://github.com/lessmore92/php-ripple-address-codec.git",
        "reference": "b09681f3e3ba66ada4453520a976e284a8499e99"
      },
      "dist": {
        "type": "zip",
        "url": "https://api.github.com/repos/lessmore92/php-ripple-address-codec/zipball/b09681f3e3ba66ada4453520a976e284a8499e99",
        "reference": "b09681f3e3ba66ada4453520a976e284a8499e99",
        "shasum": ""
      },
      "require": {
        "lessmore92/base-x": "v1.0.3",
        "lessmore92/buffer": "v1.0.0",
        "php": ">7"
      },
      "type": "library",
      "autoload": {
        "psr-4": {
          "Lessmore92\\RippleAddressCodec\\": "src/"
        }
      },
      "notification-url": "https://packagist.org/downloads/",
      "license": [
        "MIT"
      ],
      "authors": [
        {
          "name": "Lessmore92",
          "email": "bahramisoft@gmail.com"
        }
      ],
      "description": "Library for encoding and decoding XRP Ledger addresses and seeds.",
      "keywords": [
        "decoding",
        "encoding",
        "ripple-address",
        "ripple-x-address",
        "x-address",
        "xaddress",
        "xrp",
        "xrp-ledger"
      ],
      "support": {
        "issues": "https://github.com/lessmore92/php-ripple-address-codec/issues",
        "source": "https://github.com/lessmore92/php-ripple-address-codec/tree/v1.0.1"
      },
      "time": "2021-01-16T22:30:46+00:00"
    },
    {
      "name": "simplito/bigint-wrapper-php",
      "version": "1.0.0",
      "source": {
        "type": "git",
        "url": "https://github.com/simplito/bigint-wrapper-php.git",
        "reference": "cf21ec76d33f103add487b3eadbd9f5033a25930"
      },
      "dist": {
        "type": "zip",
        "url": "https://api.github.com/repos/simplito/bigint-wrapper-php/zipball/cf21ec76d33f103add487b3eadbd9f5033a25930",
        "reference": "cf21ec76d33f103add487b3eadbd9f5033a25930",
        "shasum": ""
      },
      "type": "library",
      "autoload": {
        "psr-4": {
          "BI\\": "lib/"
        }
      },
      "notification-url": "https://packagist.org/downloads/",
      "license": [
        "MIT"
      ],
      "authors": [
        {
          "name": "Simplito Team",
          "email": "s.smyczynski@simplito.com",
          "homepage": "https://simplito.com"
        }
      ],
      "description": "Common interface for php_gmp and php_bcmath modules",
      "support": {
        "issues": "https://github.com/simplito/bigint-wrapper-php/issues",
        "source": "https://github.com/simplito/bigint-wrapper-php/tree/1.0.0"
      },
      "time": "2018-02-27T12:38:08+00:00"
    },
    {
      "name": "simplito/bn-php",
      "version": "1.1.2",
      "source": {
        "type": "git",
        "url": "https://github.com/simplito/bn-php.git",
        "reference": "e852fcd27e4acbc32459606d7606e45a85e42465"
      },
      "dist": {
        "type": "zip",
        "url": "https://api.github.com/repos/simplito/bn-php/zipball/e852fcd27e4acbc32459606d7606e45a85e42465",
        "reference": "e852fcd27e4acbc32459606d7606e45a85e42465",
        "shasum": ""
      },
      "require": {
        "simplito/bigint-wrapper-php": "~1.0.0"
      },
      "require-dev": {
        "phpunit/phpunit": "*"
      },
      "type": "library",
      "autoload": {
        "psr-4": {
          "BN\\": "lib/"
        }
      },
      "notification-url": "https://packagist.org/downloads/",
      "license": [
        "MIT"
      ],
      "authors": [
        {
          "name": "Simplito Team",
          "email": "s.smyczynski@simplito.com",
          "homepage": "https://simplito.com"
        }
      ],
      "description": "Big number implementation compatible with bn.js",
      "support": {
        "issues": "https://github.com/simplito/bn-php/issues",
        "source": "https://github.com/simplito/bn-php/tree/1.1.2"
      },
      "time": "2018-04-12T11:07:43+00:00"
    },
    {
      "name": "simplito/elliptic-php",
      "version": "1.0.7",
      "source": {
        "type": "git",
        "url": "https://github.com/simplito/elliptic-php.git",
        "reference": "a2612c8289270bd00086d1c070efc3fca9d7abce"
      },
      "dist": {
        "type": "zip",
        "url": "https://api.github.com/repos/simplito/elliptic-php/zipball/a2612c8289270bd00086d1c070efc3fca9d7abce",
        "reference": "a2612c8289270bd00086d1c070efc3fca9d7abce",
        "shasum": ""
      },
      "require": {
        "ext-gmp": "*",
        "simplito/bn-php": "~1.1.0"
      },
      "require-dev": {
        "phpbench/phpbench": "@dev",
        "phpunit/phpunit": "*"
      },
      "type": "library",
      "autoload": {
        "psr-4": {
          "Elliptic\\": "lib/"
        }
      },
      "notification-url": "https://packagist.org/downloads/",
      "license": [
        "MIT"
      ],
      "authors": [
        {
          "name": "Simplito Team",
          "email": "s.smyczynski@simplito.com",
          "homepage": "https://simplito.com"
        }
      ],
      "description": "Fast elliptic curve cryptography",
      "homepage": "https://github.com/simplito/elliptic-php",
      "keywords": [
        "Curve25519",
        "ECDSA",
        "Ed25519",
        "EdDSA",
        "cryptography",
        "curve",
        "ecc",
        "ecdh",
        "elliptic",
        "nistp192",
        "nistp224",
        "nistp256",
        "nistp384",
        "nistp521",
        "secp256k1"
      ],
      "support": {
        "issues": "https://github.com/simplito/elliptic-php/issues",
        "source": "https://github.com/simplito/elliptic-php/tree/1.0.7"
      },
      "time": "2021-01-12T11:40:37+00:00"
    }
  ],
  "packages-dev": [],
  "aliases": [],
  "minimum-stability": "dev",
  "stability-flags": [],
  "prefer-stable": false,
  "prefer-lowest": false,
  "platform": {
    "php": ">7"
  },
  "platform-dev": [],
  "plugin-api-version": "2.0.0"
}
